
Microsoft Visual Studio Solution File, Format Version 12.00
# Visual Studio Version 16
VisualStudioVersion = 16.0.30717.126
MinimumVisualStudioVersion = 10.0.40219.1
Project("{FAE04EC0-301F-11D3-BF4B-00C04F79EFBC}") = "FluentValidationApp.Web", "FluentValidationApp.Web\FluentValidationApp.Web.csproj", "{C1AD1FFD-6AE4-4ADC-9714-17139411A014}"
EndProject
Global
	GlobalSection(SolutionConfigurationPlatforms) = preSolution
		Debug|Any CPU = Debug|Any CPU
		Release|Any CPU = Release|Any CPU
	EndGlobalSection
	GlobalSection(ProjectConfigurationPlatforms) = postSolution
		{C1AD1FFD-6AE4-4ADC-9714-17139411A014}.Debug|Any CPU.ActiveCfg = Debug|Any CPU
		{C1AD1FFD-6AE4-4ADC-9714-17139411A014}.Debug|Any CPU.Build.0 = Debug|Any CPU
		{C1AD1FFD-6AE4-4ADC-9714-17139411A014}.Release|Any CPU.ActiveCfg = Release|Any CPU
		{C1AD1FFD-6AE4-4ADC-9714-17139411A014}.Release|Any CPU.Build.0 = Release|Any CPU
	EndGlobalSection
	GlobalSection(SolutionProperties) = preSolution
		HideSolutionNode = FALSE
	EndGlobalSection
	GlobalSection(ExtensibilityGlobals) = postSolution
		SolutionGuid = {1C2CB561-05F0-4A68-ACBB-7659E6BA3B75}
	EndGlobalSection
EndGlobal
